{
  "name": "issue-userdb",
  "version": "1.0.0",
  "lockfileVersion": 1,
  "requires": true,
  "dependencies": {
    "cranker-connector": {
      "version": "file:../../npm-crank",
      "requires": {
        "ws": "^6.0.0"
      },
      "dependencies": {
        "accepts": {
          "version": "1.3.5",
          "bundled": true,
          "requires": {
            "mime-types": "~2.1.18",
            "negotiator": "0.6.1"
          }
        },
        "append-field": {
          "version": "1.0.0",
          "bundled": true
        },
        "array-flatten": {
          "version": "1.1.1",
          "bundled": true
        },
        "async-limiter": {
          "version": "1.0.0",
          "bundled": true
        },
        "asynckit": {
          "version": "0.4.0",
          "bundled": true
        },
        "biskviit": {
          "version": "1.0.1",
          "bundled": true,
          "requires": {
            "psl": "^1.1.7"
          }
        },
        "body-parser": {
          "version": "1.18.3",
          "bundled": true,
          "requires": {
            "bytes": "3.0.0",
            "content-type": "~1.0.4",
            "debug": "2.6.9",
            "depd": "~1.1.2",
            "http-errors": "~1.6.3",
            "iconv-lite": "0.4.23",
            "on-finished": "~2.3.0",
            "qs": "6.5.2",
            "raw-body": "2.3.3",
            "type-is": "~1.6.16"
          },
          "dependencies": {
            "iconv-lite": {
              "version": "0.4.23",
              "bundled": true,
              "requires": {
                "safer-buffer": ">= 2.1.2 < 3"
              }
            }
          }
        },
        "buffer-from": {
          "version": "1.1.1",
          "bundled": true
        },
        "busboy": {
          "version": "0.2.14",
          "bundled": true,
          "requires": {
            "dicer": "0.2.5",
            "readable-stream": "1.1.x"
          }
        },
        "bytes": {
          "version": "3.0.0",
          "bundled": true
        },
        "combined-stream": {
          "version": "1.0.6",
          "bundled": true,
          "requires": {
            "delayed-stream": "~1.0.0"
          }
        },
        "concat-stream": {
          "version": "1.6.2",
          "bundled": true,
          "requires": {
            "buffer-from": "^1.0.0",
            "inherits": "^2.0.3",
            "readable-stream": "^2.2.2",
            "typedarray": "^0.0.6"
          },
          "dependencies": {
            "isarray": {
              "version": "1.0.0",
              "bundled": true
            },
            "readable-stream": {
              "version": "2.3.6",
              "bundled": true,
              "requires": {
                "core-util-is": "~1.0.0",
                "inherits": "~2.0.3",
                "isarray": "~1.0.0",
                "process-nextick-args": "~2.0.0",
                "safe-buffer": "~5.1.1",
                "string_decoder": "~1.1.1",
                "util-deprecate": "~1.0.1"
              }
            },
            "string_decoder": {
              "version": "1.1.1",
              "bundled": true,
              "requires": {
                "safe-buffer": "~5.1.0"
              }
            }
          }
        },
        "content-disposition": {
          "version": "0.5.2",
          "bundled": true
        },
        "content-type": {
          "version": "1.0.4",
          "bundled": true
        },
        "cookie": {
          "version": "0.3.1",
          "bundled": true
        },
        "cookie-signature": {
          "version": "1.0.6",
          "bundled": true
        },
        "core-util-is": {
          "version": "1.0.2",
          "bundled": true
        },
        "debug": {
          "version": "2.6.9",
          "bundled": true,
          "requires": {
            "ms": "2.0.0"
          }
        },
        "delayed-stream": {
          "version": "1.0.0",
          "bundled": true
        },
        "depd": {
          "version": "1.1.2",
          "bundled": true
        },
        "destroy": {
          "version": "1.0.4",
          "bundled": true
        },
        "dicer": {
          "version": "0.2.5",
          "bundled": true,
          "requires": {
            "readable-stream": "1.1.x",
            "streamsearch": "0.1.2"
          }
        },
        "ee-first": {
          "version": "1.1.1",
          "bundled": true
        },
        "encodeurl": {
          "version": "1.0.2",
          "bundled": true
        },
        "encoding": {
          "version": "0.1.12",
          "bundled": true,
          "requires": {
            "iconv-lite": "~0.4.13"
          }
        },
        "escape-html": {
          "version": "1.0.3",
          "bundled": true
        },
        "etag": {
          "version": "1.8.1",
          "bundled": true
        },
        "express": {
          "version": "4.16.4",
          "bundled": true,
          "requires": {
            "accepts": "~1.3.5",
            "array-flatten": "1.1.1",
            "body-parser": "1.18.3",
            "content-disposition": "0.5.2",
            "content-type": "~1.0.4",
            "cookie": "0.3.1",
            "cookie-signature": "1.0.6",
            "debug": "2.6.9",
            "depd": "~1.1.2",
            "encodeurl": "~1.0.2",
            "escape-html": "~1.0.3",
            "etag": "~1.8.1",
            "finalhandler": "1.1.1",
            "fresh": "0.5.2",
            "merge-descriptors": "1.0.1",
            "methods": "~1.1.2",
            "on-finished": "~2.3.0",
            "parseurl": "~1.3.2",
            "path-to-regexp": "0.1.7",
            "proxy-addr": "~2.0.4",
            "qs": "6.5.2",
            "range-parser": "~1.2.0",
            "safe-buffer": "5.1.2",
            "send": "0.16.2",
            "serve-static": "1.13.2",
            "setprototypeof": "1.1.0",
            "statuses": "~1.4.0",
            "type-is": "~1.6.16",
            "utils-merge": "1.0.1",
            "vary": "~1.1.2"
          }
        },
        "fetch": {
          "version": "1.1.0",
          "bundled": true,
          "requires": {
            "biskviit": "1.0.1",
            "encoding": "0.1.12"
          }
        },
        "finalhandler": {
          "version": "1.1.1",
          "bundled": true,
          "requires": {
            "debug": "2.6.9",
            "encodeurl": "~1.0.2",
            "escape-html": "~1.0.3",
            "on-finished": "~2.3.0",
            "parseurl": "~1.3.2",
            "statuses": "~1.4.0",
            "unpipe": "~1.0.0"
          }
        },
        "form-data": {
          "version": "2.3.2",
          "bundled": true,
          "requires": {
            "asynckit": "^0.4.0",
            "combined-stream": "1.0.6",
            "mime-types": "^2.1.12"
          }
        },
        "forwarded": {
          "version": "0.1.2",
          "bundled": true
        },
        "fresh": {
          "version": "0.5.2",
          "bundled": true
        },
        "http-errors": {
          "version": "1.6.3",
          "bundled": true,
          "requires": {
            "depd": "~1.1.2",
            "inherits": "2.0.3",
            "setprototypeof": "1.1.0",
            "statuses": ">= 1.4.0 < 2"
          }
        },
        "iconv-lite": {
          "version": "0.4.24",
          "bundled": true,
          "requires": {
            "safer-buffer": ">= 2.1.2 < 3"
          }
        },
        "inherits": {
          "version": "2.0.3",
          "bundled": true
        },
        "ipaddr.js": {
          "version": "1.8.0",
          "bundled": true
        },
        "isarray": {
          "version": "0.0.1",
          "bundled": true
        },
        "media-typer": {
          "version": "0.3.0",
          "bundled": true
        },
        "merge-descriptors": {
          "version": "1.0.1",
          "bundled": true
        },
        "methods": {
          "version": "1.1.2",
          "bundled": true
        },
        "mime": {
          "version": "1.4.1",
          "bundled": true
        },
        "mime-db": {
          "version": "1.36.0",
          "bundled": true
        },
        "mime-types": {
          "version": "2.1.20",
          "bundled": true,
          "requires": {
            "mime-db": "~1.36.0"
          }
        },
        "minimist": {
          "version": "0.0.8",
          "bundled": true
        },
        "mkdirp": {
          "version": "0.5.1",
          "bundled": true,
          "requires": {
            "minimist": "0.0.8"
          }
        },
        "ms": {
          "version": "2.0.0",
          "bundled": true
        },
        "multer": {
          "version": "1.4.1",
          "bundled": true,
          "requires": {
            "append-field": "^1.0.0",
            "busboy": "^0.2.11",
            "concat-stream": "^1.5.2",
            "mkdirp": "^0.5.1",
            "object-assign": "^4.1.1",
            "on-finished": "^2.3.0",
            "type-is": "^1.6.4",
            "xtend": "^4.0.0"
          }
        },
        "negotiator": {
          "version": "0.6.1",
          "bundled": true
        },
        "node-fetch": {
          "version": "2.2.0",
          "bundled": true
        },
        "object-assign": {
          "version": "4.1.1",
          "bundled": true
        },
        "on-finished": {
          "version": "2.3.0",
          "bundled": true,
          "requires": {
            "ee-first": "1.1.1"
          }
        },
        "parseurl": {
          "version": "1.3.2",
          "bundled": true
        },
        "path-to-regexp": {
          "version": "0.1.7",
          "bundled": true
        },
        "process-nextick-args": {
          "version": "2.0.0",
          "bundled": true
        },
        "proxy-addr": {
          "version": "2.0.4",
          "bundled": true,
          "requires": {
            "forwarded": "~0.1.2",
            "ipaddr.js": "1.8.0"
          }
        },
        "psl": {
          "version": "1.1.29",
          "bundled": true
        },
        "qs": {
          "version": "6.5.2",
          "bundled": true
        },
        "range-parser": {
          "version": "1.2.0",
          "bundled": true
        },
        "raw-body": {
          "version": "2.3.3",
          "bundled": true,
          "requires": {
            "bytes": "3.0.0",
            "http-errors": "1.6.3",
            "iconv-lite": "0.4.23",
            "unpipe": "1.0.0"
          },
          "dependencies": {
            "iconv-lite": {
              "version": "0.4.23",
              "bundled": true,
              "requires": {
                "safer-buffer": ">= 2.1.2 < 3"
              }
            }
          }
        },
        "readable-stream": {
          "version": "1.1.14",
          "bundled": true,
          "requires": {
            "core-util-is": "~1.0.0",
            "inherits": "~2.0.1",
            "isarray": "0.0.1",
            "string_decoder": "~0.10.x"
          }
        },
        "safe-buffer": {
          "version": "5.1.2",
          "bundled": true
        },
        "safer-buffer": {
          "version": "2.1.2",
          "bundled": true
        },
        "send": {
          "version": "0.16.2",
          "bundled": true,
          "requires": {
            "debug": "2.6.9",
            "depd": "~1.1.2",
            "destroy": "~1.0.4",
            "encodeurl": "~1.0.2",
            "escape-html": "~1.0.3",
            "etag": "~1.8.1",
            "fresh": "0.5.2",
            "http-errors": "~1.6.2",
            "mime": "1.4.1",
            "ms": "2.0.0",
            "on-finished": "~2.3.0",
            "range-parser": "~1.2.0",
            "statuses": "~1.4.0"
          }
        },
        "serve-static": {
          "version": "1.13.2",
          "bundled": true,
          "requires": {
            "encodeurl": "~1.0.2",
            "escape-html": "~1.0.3",
            "parseurl": "~1.3.2",
            "send": "0.16.2"
          }
        },
        "setprototypeof": {
          "version": "1.1.0",
          "bundled": true
        },
        "statuses": {
          "version": "1.4.0",
          "bundled": true
        },
        "streamsearch": {
          "version": "0.1.2",
          "bundled": true
        },
        "string_decoder": {
          "version": "0.10.31",
          "bundled": true
        },
        "type-is": {
          "version": "1.6.16",
          "bundled": true,
          "requires": {
            "media-typer": "0.3.0",
            "mime-types": "~2.1.18"
          }
        },
        "typedarray": {
          "version": "0.0.6",
          "bundled": true
        },
        "unpipe": {
          "version": "1.0.0",
          "bundled": true
        },
        "util-deprecate": {
          "version": "1.0.2",
          "bundled": true
        },
        "utils-merge": {
          "version": "1.0.1",
          "bundled": true
        },
        "vary": {
          "version": "1.1.2",
          "bundled": true
        },
        "ws": {
          "version": "6.0.0",
          "bundled": true,
          "requires": {
            "async-limiter": "~1.0.0"
          }
        },
        "xtend": {
          "version": "4.0.1",
          "bundled": true
        }
      }
    },
    "pg-log-api": {
      "version": "file:../../pglogapi",
      "requires": {
        "body-parser": "^1.18.3",
        "eventsource": "^1.0.7",
        "express": "^4.16.4",
        "express-basic-auth": "^1.1.6",
        "form-data": "^2.3.2",
        "keepie": "^0.0.29",
        "multer": "^1.4.1",
        "node-fetch": "^2.3.0",
        "sse-node": "^1.0.2"
      },
      "dependencies": {
        "accepts": {
          "version": "1.3.5",
          "bundled": true,
          "requires": {
            "mime-types": "~2.1.18",
            "negotiator": "0.6.1"
          }
        },
        "append-field": {
          "version": "1.0.0",
          "bundled": true
        },
        "array-flatten": {
          "version": "1.1.1",
          "bundled": true
        },
        "asynckit": {
          "version": "0.4.0",
          "bundled": true
        },
        "basic-auth": {
          "version": "2.0.1",
          "bundled": true,
          "requires": {
            "safe-buffer": "5.1.2"
          }
        },
        "batch": {
          "version": "0.6.1",
          "bundled": true
        },
        "bcryptjs": {
          "version": "2.4.3",
          "bundled": true
        },
        "body-parser": {
          "version": "1.18.3",
          "bundled": true,
          "requires": {
            "bytes": "3.0.0",
            "content-type": "~1.0.4",
            "debug": "2.6.9",
            "depd": "~1.1.2",
            "http-errors": "~1.6.3",
            "iconv-lite": "0.4.23",
            "on-finished": "~2.3.0",
            "qs": "6.5.2",
            "raw-body": "2.3.3",
            "type-is": "~1.6.16"
          }
        },
        "buffer-from": {
          "version": "1.1.1",
          "bundled": true
        },
        "buffer-writer": {
          "version": "2.0.0",
          "bundled": true
        },
        "busboy": {
          "version": "0.2.14",
          "bundled": true,
          "requires": {
            "dicer": "0.2.5",
            "readable-stream": "1.1.x"
          }
        },
        "bytes": {
          "version": "3.0.0",
          "bundled": true
        },
        "combined-stream": {
          "version": "1.0.7",
          "bundled": true,
          "requires": {
            "delayed-stream": "~1.0.0"
          }
        },
        "concat-stream": {
          "version": "1.6.2",
          "bundled": true,
          "requires": {
            "buffer-from": "^1.0.0",
            "inherits": "^2.0.3",
            "readable-stream": "^2.2.2",
            "typedarray": "^0.0.6"
          },
          "dependencies": {
            "isarray": {
              "version": "1.0.0",
              "bundled": true
            },
            "readable-stream": {
              "version": "2.3.6",
              "bundled": true,
              "requires": {
                "core-util-is": "~1.0.0",
                "inherits": "~2.0.3",
                "isarray": "~1.0.0",
                "process-nextick-args": "~2.0.0",
                "safe-buffer": "~5.1.1",
                "string_decoder": "~1.1.1",
                "util-deprecate": "~1.0.1"
              }
            },
            "string_decoder": {
              "version": "1.1.1",
              "bundled": true,
              "requires": {
                "safe-buffer": "~5.1.0"
              }
            }
          }
        },
        "content-disposition": {
          "version": "0.5.2",
          "bundled": true
        },
        "content-type": {
          "version": "1.0.4",
          "bundled": true
        },
        "cookie": {
          "version": "0.3.1",
          "bundled": true
        },
        "cookie-parser": {
          "version": "1.4.3",
          "bundled": true,
          "requires": {
            "cookie": "0.3.1",
            "cookie-signature": "1.0.6"
          }
        },
        "cookie-signature": {
          "version": "1.0.6",
          "bundled": true
        },
        "core-util-is": {
          "version": "1.0.2",
          "bundled": true
        },
        "debug": {
          "version": "2.6.9",
          "bundled": true,
          "requires": {
            "ms": "2.0.0"
          }
        },
        "delayed-stream": {
          "version": "1.0.0",
          "bundled": true
        },
        "depd": {
          "version": "1.1.2",
          "bundled": true
        },
        "destroy": {
          "version": "1.0.4",
          "bundled": true
        },
        "dicer": {
          "version": "0.2.5",
          "bundled": true,
          "requires": {
            "readable-stream": "1.1.x",
            "streamsearch": "0.1.2"
          }
        },
        "ee-first": {
          "version": "1.1.1",
          "bundled": true
        },
        "encodeurl": {
          "version": "1.0.2",
          "bundled": true
        },
        "es6-denodeify": {
          "version": "0.1.5",
          "bundled": true
        },
        "escape-html": {
          "version": "1.0.3",
          "bundled": true
        },
        "etag": {
          "version": "1.8.1",
          "bundled": true
        },
        "eventsource": {
          "version": "1.0.7",
          "bundled": true,
          "requires": {
            "original": "^1.0.0"
          }
        },
        "express": {
          "version": "4.16.4",
          "bundled": true,
          "requires": {
            "accepts": "~1.3.5",
            "array-flatten": "1.1.1",
            "body-parser": "1.18.3",
            "content-disposition": "0.5.2",
            "content-type": "~1.0.4",
            "cookie": "0.3.1",
            "cookie-signature": "1.0.6",
            "debug": "2.6.9",
            "depd": "~1.1.2",
            "encodeurl": "~1.0.2",
            "escape-html": "~1.0.3",
            "etag": "~1.8.1",
            "finalhandler": "1.1.1",
            "fresh": "0.5.2",
            "merge-descriptors": "1.0.1",
            "methods": "~1.1.2",
            "on-finished": "~2.3.0",
            "parseurl": "~1.3.2",
            "path-to-regexp": "0.1.7",
            "proxy-addr": "~2.0.4",
            "qs": "6.5.2",
            "range-parser": "~1.2.0",
            "safe-buffer": "5.1.2",
            "send": "0.16.2",
            "serve-static": "1.13.2",
            "setprototypeof": "1.1.0",
            "statuses": "~1.4.0",
            "type-is": "~1.6.16",
            "utils-merge": "1.0.1",
            "vary": "~1.1.2"
          },
          "dependencies": {
            "statuses": {
              "version": "1.4.0",
              "bundled": true
            }
          }
        },
        "express-basic-auth": {
          "version": "1.1.6",
          "bundled": true,
          "requires": {
            "basic-auth": "^2.0.1"
          }
        },
        "fetch-cookie": {
          "version": "0.7.2",
          "bundled": true,
          "requires": {
            "es6-denodeify": "^0.1.1",
            "tough-cookie": "^2.3.1"
          }
        },
        "finalhandler": {
          "version": "1.1.1",
          "bundled": true,
          "requires": {
            "debug": "2.6.9",
            "encodeurl": "~1.0.2",
            "escape-html": "~1.0.3",
            "on-finished": "~2.3.0",
            "parseurl": "~1.3.2",
            "statuses": "~1.4.0",
            "unpipe": "~1.0.0"
          },
          "dependencies": {
            "statuses": {
              "version": "1.4.0",
              "bundled": true
            }
          }
        },
        "form-data": {
          "version": "2.3.3",
          "bundled": true,
          "requires": {
            "asynckit": "^0.4.0",
            "combined-stream": "^1.0.6",
            "mime-types": "^2.1.12"
          }
        },
        "forwarded": {
          "version": "0.1.2",
          "bundled": true
        },
        "fresh": {
          "version": "0.5.2",
          "bundled": true
        },
        "http-errors": {
          "version": "1.6.3",
          "bundled": true,
          "requires": {
            "depd": "~1.1.2",
            "inherits": "2.0.3",
            "setprototypeof": "1.1.0",
            "statuses": ">= 1.4.0 < 2"
          }
        },
        "iconv-lite": {
          "version": "0.4.23",
          "bundled": true,
          "requires": {
            "safer-buffer": ">= 2.1.2 < 3"
          }
        },
        "inherits": {
          "version": "2.0.3",
          "bundled": true
        },
        "ipaddr.js": {
          "version": "1.8.0",
          "bundled": true
        },
        "isarray": {
          "version": "0.0.1",
          "bundled": true
        },
        "keepie": {
          "version": "0.0.29",
          "bundled": true,
          "requires": {
            "body-parser": "^1.18.3",
            "cookie-parser": "^1.4.3",
            "express": "^4.16.3",
            "form-data": "^2.3.2",
            "fresh": "^0.5.2",
            "multer": "^1.3.0",
            "node-fetch": "^2.1.2",
            "pg": "^7.4.3",
            "psql-web-app": "0.0.6",
            "serve-index": "^1.9.1",
            "simple-auth-4-express": "0.0.8",
            "sse-node": "1.0.2"
          }
        },
        "media-typer": {
          "version": "0.3.0",
          "bundled": true
        },
        "merge-descriptors": {
          "version": "1.0.1",
          "bundled": true
        },
        "methods": {
          "version": "1.1.2",
          "bundled": true
        },
        "mime": {
          "version": "1.4.1",
          "bundled": true
        },
        "mime-db": {
          "version": "1.37.0",
          "bundled": true
        },
        "mime-types": {
          "version": "2.1.21",
          "bundled": true,
          "requires": {
            "mime-db": "~1.37.0"
          }
        },
        "minimist": {
          "version": "0.0.8",
          "bundled": true
        },
        "mkdirp": {
          "version": "0.5.1",
          "bundled": true,
          "requires": {
            "minimist": "0.0.8"
          }
        },
        "ms": {
          "version": "2.0.0",
          "bundled": true
        },
        "multer": {
          "version": "1.4.1",
          "bundled": true,
          "requires": {
            "append-field": "^1.0.0",
            "busboy": "^0.2.11",
            "concat-stream": "^1.5.2",
            "mkdirp": "^0.5.1",
            "object-assign": "^4.1.1",
            "on-finished": "^2.3.0",
            "type-is": "^1.6.4",
            "xtend": "^4.0.0"
          }
        },
        "negotiator": {
          "version": "0.6.1",
          "bundled": true
        },
        "node-fetch": {
          "version": "2.3.0",
          "bundled": true
        },
        "object-assign": {
          "version": "4.1.1",
          "bundled": true
        },
        "on-finished": {
          "version": "2.3.0",
          "bundled": true,
          "requires": {
            "ee-first": "1.1.1"
          }
        },
        "original": {
          "version": "1.0.2",
          "bundled": true,
          "requires": {
            "url-parse": "^1.4.3"
          }
        },
        "packet-reader": {
          "version": "0.3.1",
          "bundled": true
        },
        "parseurl": {
          "version": "1.3.2",
          "bundled": true
        },
        "path-to-regexp": {
          "version": "0.1.7",
          "bundled": true
        },
        "pg": {
          "version": "7.7.1",
          "bundled": true,
          "requires": {
            "buffer-writer": "2.0.0",
            "packet-reader": "0.3.1",
            "pg-connection-string": "0.1.3",
            "pg-pool": "^2.0.4",
            "pg-types": "~1.12.1",
            "pgpass": "1.x",
            "semver": "4.3.2"
          }
        },
        "pg-connection-string": {
          "version": "0.1.3",
          "bundled": true
        },
        "pg-pool": {
          "version": "2.0.5",
          "bundled": true
        },
        "pg-types": {
          "version": "1.12.1",
          "bundled": true,
          "requires": {
            "postgres-array": "~1.0.0",
            "postgres-bytea": "~1.0.0",
            "postgres-date": "~1.0.0",
            "postgres-interval": "^1.1.0"
          }
        },
        "pgpass": {
          "version": "1.0.2",
          "bundled": true,
          "requires": {
            "split": "^1.0.0"
          }
        },
        "postgres-array": {
          "version": "1.0.3",
          "bundled": true
        },
        "postgres-bytea": {
          "version": "1.0.0",
          "bundled": true
        },
        "postgres-date": {
          "version": "1.0.3",
          "bundled": true
        },
        "postgres-interval": {
          "version": "1.1.2",
          "bundled": true,
          "requires": {
            "xtend": "^4.0.0"
          }
        },
        "process-nextick-args": {
          "version": "2.0.0",
          "bundled": true
        },
        "proxy-addr": {
          "version": "2.0.4",
          "bundled": true,
          "requires": {
            "forwarded": "~0.1.2",
            "ipaddr.js": "1.8.0"
          }
        },
        "psl": {
          "version": "1.1.31",
          "bundled": true
        },
        "psql-web-app": {
          "version": "0.0.6",
          "bundled": true,
          "requires": {
            "multer": "^1.3.1"
          }
        },
        "punycode": {
          "version": "2.1.1",
          "bundled": true
        },
        "qs": {
          "version": "6.5.2",
          "bundled": true
        },
        "querystringify": {
          "version": "2.1.0",
          "bundled": true
        },
        "range-parser": {
          "version": "1.2.0",
          "bundled": true
        },
        "raw-body": {
          "version": "2.3.3",
          "bundled": true,
          "requires": {
            "bytes": "3.0.0",
            "http-errors": "1.6.3",
            "iconv-lite": "0.4.23",
            "unpipe": "1.0.0"
          }
        },
        "readable-stream": {
          "version": "1.1.14",
          "bundled": true,
          "requires": {
            "core-util-is": "~1.0.0",
            "inherits": "~2.0.1",
            "isarray": "0.0.1",
            "string_decoder": "~0.10.x"
          }
        },
        "requires-port": {
          "version": "1.0.0",
          "bundled": true
        },
        "safe-buffer": {
          "version": "5.1.2",
          "bundled": true
        },
        "safer-buffer": {
          "version": "2.1.2",
          "bundled": true
        },
        "semver": {
          "version": "4.3.2",
          "bundled": true
        },
        "send": {
          "version": "0.16.2",
          "bundled": true,
          "requires": {
            "debug": "2.6.9",
            "depd": "~1.1.2",
            "destroy": "~1.0.4",
            "encodeurl": "~1.0.2",
            "escape-html": "~1.0.3",
            "etag": "~1.8.1",
            "fresh": "0.5.2",
            "http-errors": "~1.6.2",
            "mime": "1.4.1",
            "ms": "2.0.0",
            "on-finished": "~2.3.0",
            "range-parser": "~1.2.0",
            "statuses": "~1.4.0"
          },
          "dependencies": {
            "statuses": {
              "version": "1.4.0",
              "bundled": true
            }
          }
        },
        "serve-index": {
          "version": "1.9.1",
          "bundled": true,
          "requires": {
            "accepts": "~1.3.4",
            "batch": "0.6.1",
            "debug": "2.6.9",
            "escape-html": "~1.0.3",
            "http-errors": "~1.6.2",
            "mime-types": "~2.1.17",
            "parseurl": "~1.3.2"
          }
        },
        "serve-static": {
          "version": "1.13.2",
          "bundled": true,
          "requires": {
            "encodeurl": "~1.0.2",
            "escape-html": "~1.0.3",
            "parseurl": "~1.3.2",
            "send": "0.16.2"
          }
        },
        "setprototypeof": {
          "version": "1.1.0",
          "bundled": true
        },
        "simple-auth-4-express": {
          "version": "0.0.8",
          "bundled": true,
          "requires": {
            "bcryptjs": "^2.4.3",
            "cookie-parser": "^1.4.3",
            "express": "^4.16.3",
            "fetch-cookie": "^0.7.2",
            "form-data": "^2.3.2",
            "multer": "^1.3.1",
            "node-fetch": "^2.2.0"
          }
        },
        "split": {
          "version": "1.0.1",
          "bundled": true,
          "requires": {
            "through": "2"
          }
        },
        "sse-node": {
          "version": "1.0.2",
          "bundled": true
        },
        "statuses": {
          "version": "1.5.0",
          "bundled": true
        },
        "streamsearch": {
          "version": "0.1.2",
          "bundled": true
        },
        "string_decoder": {
          "version": "0.10.31",
          "bundled": true
        },
        "through": {
          "version": "2.3.8",
          "bundled": true
        },
        "tough-cookie": {
          "version": "2.5.0",
          "bundled": true,
          "requires": {
            "psl": "^1.1.28",
            "punycode": "^2.1.1"
          }
        },
        "type-is": {
          "version": "1.6.16",
          "bundled": true,
          "requires": {
            "media-typer": "0.3.0",
            "mime-types": "~2.1.18"
          }
        },
        "typedarray": {
          "version": "0.0.6",
          "bundled": true
        },
        "unpipe": {
          "version": "1.0.0",
          "bundled": true
        },
        "url-parse": {
          "version": "1.4.4",
          "bundled": true,
          "requires": {
            "querystringify": "^2.0.0",
            "requires-port": "^1.0.0"
          }
        },
        "util-deprecate": {
          "version": "1.0.2",
          "bundled": true
        },
        "utils-merge": {
          "version": "1.0.1",
          "bundled": true
        },
        "vary": {
          "version": "1.1.2",
          "bundled": true
        },
        "xtend": {
          "version": "4.0.1",
          "bundled": true
        }
      }
    }
  }
}
